
Microsoft Visual Studio Solution File, Format Version 12.00
# Visual Studio Version 17
VisualStudioVersion = 17.14.36616.10 d17.14
MinimumVisualStudioVersion = 10.0.40219.1
Project("{FAE04EC0-301F-11D3-BF4B-00C04F79EFBC}") = "MonthlyPremiumCalculator", "MonthlyPremiumCalculator\MonthlyPremiumCalculator.csproj", "{1EB21C06-BD2E-44B4-9E60-18820A9F53BD}"
EndProject
Global
	GlobalSection(SolutionConfigurationPlatforms) = preSolution
		Debug|Any CPU = Debug|Any CPU
		Release|Any CPU = Release|Any CPU
	EndGlobalSection
	GlobalSection(ProjectConfigurationPlatforms) = postSolution
		{1EB21C06-BD2E-44B4-9E60-18820A9F53BD}.Debug|Any CPU.ActiveCfg = Debug|Any CPU
		{1EB21C06-BD2E-44B4-9E60-18820A9F53BD}.Debug|Any CPU.Build.0 = Debug|Any CPU
		{1EB21C06-BD2E-44B4-9E60-18820A9F53BD}.Release|Any CPU.ActiveCfg = Release|Any CPU
		{1EB21C06-BD2E-44B4-9E60-18820A9F53BD}.Release|Any CPU.Build.0 = Release|Any CPU
	EndGlobalSection
	GlobalSection(SolutionProperties) = preSolution
		HideSolutionNode = FALSE
	EndGlobalSection
	GlobalSection(ExtensibilityGlobals) = postSolution
		SolutionGuid = {D99F64E1-179B-4F68-95FC-3795FF466C2D}
	EndGlobalSection
EndGlobal
